
Microsoft Visual Studio Solution File, Format Version 12.00
# Visual Studio Version 16
VisualStudioVersion = 16.0.31205.134
MinimumVisualStudioVersion = 10.0.40219.1
Project("{9A19103F-16F7-4668-BE54-9A1E7A4F7556}") = "DevFitness.ConsoleApp", "DevFitness.ConsoleApp\DevFitness.ConsoleApp.csproj", "{4E3BF066-A378-4777-97D2-E422AC05FBA3}"
EndProject
Project("{FAE04EC0-301F-11D3-BF4B-00C04F79EFBC}") = "DevFitness.API", "DevFitness.API\DevFitness.API.csproj", "{EF1A996B-0D41-42BD-8027-208340075D00}"
EndProject
Global
	GlobalSection(SolutionConfigurationPlatforms) = preSolution
		Debug|Any CPU = Debug|Any CPU
		Release|Any CPU = Release|Any CPU
	EndGlobalSection
	GlobalSection(ProjectConfigurationPlatforms) = postSolution
		{4E3BF066-A378-4777-97D2-E422AC05FBA3}.Debug|Any CPU.ActiveCfg = Debug|Any CPU
		{4E3BF066-A378-4777-97D2-E422AC05FBA3}.Debug|Any CPU.Build.0 = Debug|Any CPU
		{4E3BF066-A378-4777-97D2-E422AC05FBA3}.Release|Any CPU.ActiveCfg = Release|Any CPU
		{4E3BF066-A378-4777-97D2-E422AC05FBA3}.Release|Any CPU.Build.0 = Release|Any CPU
		{EF1A996B-0D41-42BD-8027-208340075D00}.Debug|Any CPU.ActiveCfg = Debug|Any CPU
		{EF1A996B-0D41-42BD-8027-208340075D00}.Debug|Any CPU.Build.0 = Debug|Any CPU
		{EF1A996B-0D41-42BD-8027-208340075D00}.Release|Any CPU.ActiveCfg = Release|Any CPU
		{EF1A996B-0D41-42BD-8027-208340075D00}.Release|Any CPU.Build.0 = Release|Any CPU
	EndGlobalSection
	GlobalSection(SolutionProperties) = preSolution
		HideSolutionNode = FALSE
	EndGlobalSection
	GlobalSection(ExtensibilityGlobals) = postSolution
		SolutionGuid = {3FF85FAF-1431-4D98-A3DB-A234DFBADED2}
	EndGlobalSection
EndGlobal
